// !$*UTF8*$!
{
	archiveVersion = 1;
	classes = {
	};
	objectVersion = 50;
	objects = {

/* Begin PBXBuildFile section */
		283E6C4D264E9212003AFE48 /* LoaderView.swift in Sources */ = {isa = PBXBuildFile; fileRef = 283E6C4C264E9212003AFE48 /* LoaderView.swift */; };
		283E6C53264E93A8003AFE48 /* AppNavigationStore.swift in Sources */ = {isa = PBXBuildFile; fileRef = 283E6C52264E93A8003AFE48 /* AppNavigationStore.swift */; };
		283E6C94264F202A003AFE48 /* AuthenticationViewModel.swift in Sources */ = {isa = PBXBuildFile; fileRef = 283E6C93264F202A003AFE48 /* AuthenticationViewModel.swift */; };
		287EBE8F265133D500632D33 /* AuthAppNavigationAdapter.swift in Sources */ = {isa = PBXBuildFile; fileRef = 287EBE8E265133D500632D33 /* AuthAppNavigationAdapter.swift */; };
		287EBE932651340B00632D33 /* iOSSwiftUIViewComposerFactory.swift in Sources */ = {isa = PBXBuildFile; fileRef = 287EBE922651340B00632D33 /* iOSSwiftUIViewComposerFactory.swift */; };
		28836856265030140059AB38 /* AppConstants.swift in Sources */ = {isa = PBXBuildFile; fileRef = 28836855265030140059AB38 /* AppConstants.swift */; };
		28836858265053830059AB38 /* NavigationView.swift in Sources */ = {isa = PBXBuildFile; fileRef = 28836857265053830059AB38 /* NavigationView.swift */; };
		2883685E26506F8E0059AB38 /* LoaderViewModel.swift in Sources */ = {isa = PBXBuildFile; fileRef = 2883685D26506F8E0059AB38 /* LoaderViewModel.swift */; };
		289B68452658089B00503C30 /* ViewComposerFactory.swift in Sources */ = {isa = PBXBuildFile; fileRef = 289B68442658089B00503C30 /* ViewComposerFactory.swift */; };
		28B1AA33264E4391007B5F49 /* AuthiOSApp.swift in Sources */ = {isa = PBXBuildFile; fileRef = 28B1AA32264E4391007B5F49 /* AuthiOSApp.swift */; };
		28B1AA35264E4391007B5F49 /* AuthenticationView.swift in Sources */ = {isa = PBXBuildFile; fileRef = 28B1AA34264E4391007B5F49 /* AuthenticationView.swift */; };
		28B1AA37264E4392007B5F49 /* Assets.xcassets in Resources */ = {isa = PBXBuildFile; fileRef = 28B1AA36264E4392007B5F49 /* Assets.xcassets */; };
		28B1AA3A264E4392007B5F49 /* Preview Assets.xcassets in Resources */ = {isa = PBXBuildFile; fileRef = 28B1AA39264E4392007B5F49 /* Preview Assets.xcassets */; };
		28B6EA9526554D2700263D7B /* AuthAppBusinessDomain.framework in Frameworks */ = {isa = PBXBuildFile; fileRef = 28B6EA9426554D2700263D7B /* AuthAppBusinessDomain.framework */; };
		28B6EA9626554D2700263D7B /* AuthAppBusinessDomain.framework in Embed Frameworks */ = {isa = PBXBuildFile; fileRef = 28B6EA9426554D2700263D7B /* AuthAppBusinessDomain.framework */; settings = {ATTRIBUTES = (CodeSignOnCopy, RemoveHeadersOnCopy, ); }; };
		75F864272978370B00D11B00 /* AuthenticationDataPresenter.swift in Sources */ = {isa = PBXBuildFile; fileRef = 75F864262978370B00D11B00 /* AuthenticationDataPresenter.swift */; };
/* End PBXBuildFile section */

/* Begin PBXCopyFilesBuildPhase section */
		287EBEB4265144B700632D33 /* Embed Frameworks */ = {
			isa = PBXCopyFilesBuildPhase;
			buildActionMask = 2147483647;
			dstPath = "";
			dstSubfolderSpec = 10;
			files = (
				28B6EA9626554D2700263D7B /* AuthAppBusinessDomain.framework in Embed Frameworks */,
			);
			name = "Embed Frameworks";
			runOnlyForDeploymentPostprocessing = 0;
		};
/* End PBXCopyFilesBuildPhase section */

/* Begin PBXFileReference section */
		283CFED726529D6D00D4B8EB /* AuthEngine.framework */ = {isa = PBXFileReference; explicitFileType = wrapper.framework; path = AuthEngine.framework; sourceTree = BUILT_PRODUCTS_DIR; };
		283CFEF02652A18400D4B8EB /* AuthEngine.framework */ = {isa = PBXFileReference; explicitFileType = wrapper.framework; path = AuthEngine.framework; sourceTree = BUILT_PRODUCTS_DIR; };
		283E6C4C264E9212003AFE48 /* LoaderView.swift */ = {isa = PBXFileReference; lastKnownFileType = sourcecode.swift; path = LoaderView.swift; sourceTree = "<group>"; };
		283E6C52264E93A8003AFE48 /* AppNavigationStore.swift */ = {isa = PBXFileReference; lastKnownFileType = sourcecode.swift; path = AppNavigationStore.swift; sourceTree = "<group>"; };
		283E6C93264F202A003AFE48 /* AuthenticationViewModel.swift */ = {isa = PBXFileReference; lastKnownFileType = sourcecode.swift; path = AuthenticationViewModel.swift; sourceTree = "<group>"; };
		287EBE4426510AE600632D33 /* AuthEngine.framework */ = {isa = PBXFileReference; explicitFileType = wrapper.framework; path = AuthEngine.framework; sourceTree = BUILT_PRODUCTS_DIR; };
		287EBE7626510C4100632D33 /* AuthEngine.framework */ = {isa = PBXFileReference; explicitFileType = wrapper.framework; path = AuthEngine.framework; sourceTree = BUILT_PRODUCTS_DIR; };
		287EBE8E265133D500632D33 /* AuthAppNavigationAdapter.swift */ = {isa = PBXFileReference; lastKnownFileType = sourcecode.swift; path = AuthAppNavigationAdapter.swift; sourceTree = "<group>"; };
		287EBE922651340B00632D33 /* iOSSwiftUIViewComposerFactory.swift */ = {isa = PBXFileReference; lastKnownFileType = sourcecode.swift; path = iOSSwiftUIViewComposerFactory.swift; sourceTree = "<group>"; };
		287EBEB1265144B700632D33 /* AuthEngine.framework */ = {isa = PBXFileReference; explicitFileType = wrapper.framework; path = AuthEngine.framework; sourceTree = BUILT_PRODUCTS_DIR; };
		28836855265030140059AB38 /* AppConstants.swift */ = {isa = PBXFileReference; lastKnownFileType = sourcecode.swift; path = AppConstants.swift; sourceTree = "<group>"; };
		28836857265053830059AB38 /* NavigationView.swift */ = {isa = PBXFileReference; lastKnownFileType = sourcecode.swift; path = NavigationView.swift; sourceTree = "<group>"; };
		2883685D26506F8E0059AB38 /* LoaderViewModel.swift */ = {isa = PBXFileReference; lastKnownFileType = sourcecode.swift; path = LoaderViewModel.swift; sourceTree = "<group>"; };
		289B68442658089B00503C30 /* ViewComposerFactory.swift */ = {isa = PBXFileReference; lastKnownFileType = sourcecode.swift; path = ViewComposerFactory.swift; sourceTree = "<group>"; };
		28B1AA2F264E4391007B5F49 /* AuthiOS.app */ = {isa = PBXFileReference; explicitFileType = wrapper.application; includeInIndex = 0; path = AuthiOS.app; sourceTree = BUILT_PRODUCTS_DIR; };
		28B1AA32264E4391007B5F49 /* AuthiOSApp.swift */ = {isa = PBXFileReference; lastKnownFileType = sourcecode.swift; path = AuthiOSApp.swift; sourceTree = "<group>"; };
		28B1AA34264E4391007B5F49 /* AuthenticationView.swift */ = {isa = PBXFileReference; lastKnownFileType = sourcecode.swift; path = AuthenticationView.swift; sourceTree = "<group>"; };
		28B1AA36264E4392007B5F49 /* Assets.xcassets */ = {isa = PBXFileReference; lastKnownFileType = folder.assetcatalog; path = Assets.xcassets; sourceTree = "<group>"; };
		28B1AA39264E4392007B5F49 /* Preview Assets.xcassets */ = {isa = PBXFileReference; lastKnownFileType = folder.assetcatalog; path = "Preview Assets.xcassets"; sourceTree = "<group>"; };
		28B1AA3B264E4392007B5F49 /* Info.plist */ = {isa = PBXFileReference; lastKnownFileType = text.plist.xml; path = Info.plist; sourceTree = "<group>"; };
		28B6EA9426554D2700263D7B /* AuthAppBusinessDomain.framework */ = {isa = PBXFileReference; explicitFileType = wrapper.framework; path = AuthAppBusinessDomain.framework; sourceTree = BUILT_PRODUCTS_DIR; };
		75F864262978370B00D11B00 /* AuthenticationDataPresenter.swift */ = {isa = PBXFileReference; fileEncoding = 4; lastKnownFileType = sourcecode.swift; path = AuthenticationDataPresenter.swift; sourceTree = "<group>"; };
/* End PBXFileReference section */

/* Begin PBXFrameworksBuildPhase section */
		28B1AA2C264E4391007B5F49 /* Frameworks */ = {
			isa = PBXFrameworksBuildPhase;
			buildActionMask = 2147483647;
			files = (
				28B6EA9526554D2700263D7B /* AuthAppBusinessDomain.framework in Frameworks */,
			);
			runOnlyForDeploymentPostprocessing = 0;
		};
/* End PBXFrameworksBuildPhase section */

/* Begin PBXGroup section */
		283E6C39264E86D9003AFE48 /* UI */ = {
			isa = PBXGroup;
			children = (
				28B1AA34264E4391007B5F49 /* AuthenticationView.swift */,
				283E6C93264F202A003AFE48 /* AuthenticationViewModel.swift */,
				283E6C4C264E9212003AFE48 /* LoaderView.swift */,
				2883685D26506F8E0059AB38 /* LoaderViewModel.swift */,
				28836857265053830059AB38 /* NavigationView.swift */,
			);
			path = UI;
			sourceTree = "<group>";
		};
		283E6C3A264E86F3003AFE48 /* Main */ = {
			isa = PBXGroup;
			children = (
				28B1AA32264E4391007B5F49 /* AuthiOSApp.swift */,
				283E6C52264E93A8003AFE48 /* AppNavigationStore.swift */,
				287EBE8E265133D500632D33 /* AuthAppNavigationAdapter.swift */,
				287EBE922651340B00632D33 /* iOSSwiftUIViewComposerFactory.swift */,
				289B68442658089B00503C30 /* ViewComposerFactory.swift */,
				28B1AA3B264E4392007B5F49 /* Info.plist */,
			);
			path = Main;
			sourceTree = "<group>";
		};
		283E6C65264E9696003AFE48 /* Frameworks */ = {
			isa = PBXGroup;
			children = (
				28B6EA9426554D2700263D7B /* AuthAppBusinessDomain.framework */,
				283CFEF02652A18400D4B8EB /* AuthEngine.framework */,
				283CFED726529D6D00D4B8EB /* AuthEngine.framework */,
				287EBEB1265144B700632D33 /* AuthEngine.framework */,
				287EBE7626510C4100632D33 /* AuthEngine.framework */,
				287EBE4426510AE600632D33 /* AuthEngine.framework */,
			);
			name = Frameworks;
			sourceTree = "<group>";
		};
		2883685426502FFA0059AB38 /* Helper */ = {
			isa = PBXGroup;
			children = (
				28836855265030140059AB38 /* AppConstants.swift */,
			);
			path = Helper;
			sourceTree = "<group>";
		};
		28B1AA26264E4391007B5F49 = {
			isa = PBXGroup;
			children = (
				28B1AA31264E4391007B5F49 /* AuthiOS */,
				28B1AA30264E4391007B5F49 /* Products */,
				283E6C65264E9696003AFE48 /* Frameworks */,
			);
			sourceTree = "<group>";
		};
		28B1AA30264E4391007B5F49 /* Products */ = {
			isa = PBXGroup;
			children = (
				28B1AA2F264E4391007B5F49 /* AuthiOS.app */,
			);
			name = Products;
			sourceTree = "<group>";
		};
		28B1AA31264E4391007B5F49 /* AuthiOS */ = {
			isa = PBXGroup;
			children = (
				2883685426502FFA0059AB38 /* Helper */,
				283E6C3A264E86F3003AFE48 /* Main */,
				75F864222978363F00D11B00 /* Presentation */,
				283E6C39264E86D9003AFE48 /* UI */,
				28B1AA36264E4392007B5F49 /* Assets.xcassets */,
				28B1AA38264E4392007B5F49 /* Preview Content */,
			);
			path = AuthiOS;
			sourceTree = "<group>";
		};
		28B1AA38264E4392007B5F49 /* Preview Content */ = {
			isa = PBXGroup;
			children = (
				28B1AA39264E4392007B5F49 /* Preview Assets.xcassets */,
			);
			path = "Preview Content";
			sourceTree = "<group>";
		};
		75F864222978363F00D11B00 /* Presentation */ = {
			isa = PBXGroup;
			children = (
				75F864262978370B00D11B00 /* AuthenticationDataPresenter.swift */,
			);
			path = Presentation;
			sourceTree = "<group>";
		};
/* End PBXGroup section */

/* Begin PBXNativeTarget section */
		28B1AA2E264E4391007B5F49 /* AuthiOS */ = {
			isa = PBXNativeTarget;
			buildConfigurationList = 28B1AA3E264E4392007B5F49 /* Build configuration list for PBXNativeTarget "AuthiOS" */;
			buildPhases = (
				28B1AA2B264E4391007B5F49 /* Sources */,
				28B1AA2C264E4391007B5F49 /* Frameworks */,
				28B1AA2D264E4391007B5F49 /* Resources */,
				287EBEB4265144B700632D33 /* Embed Frameworks */,
			);
			buildRules = (
			);
			dependencies = (
			);
			name = AuthiOS;
			productName = AuthiOS;
			productReference = 28B1AA2F264E4391007B5F49 /* AuthiOS.app */;
			productType = "com.apple.product-type.application";
		};
/* End PBXNativeTarget section */

/* Begin PBXProject section */
		28B1AA27264E4391007B5F49 /* Project object */ = {
			isa = PBXProject;
			attributes = {
				LastSwiftUpdateCheck = 1230;
				LastUpgradeCheck = 1230;
				TargetAttributes = {
					28B1AA2E264E4391007B5F49 = {
						CreatedOnToolsVersion = 12.3;
					};
				};
			};
			buildConfigurationList = 28B1AA2A264E4391007B5F49 /* Build configuration list for PBXProject "AuthiOS" */;
			compatibilityVersion = "Xcode 9.3";
			developmentRegion = en;
			hasScannedForEncodings = 0;
			knownRegions = (
				en,
				Base,
			);
			mainGroup = 28B1AA26264E4391007B5F49;
			productRefGroup = 28B1AA30264E4391007B5F49 /* Products */;
			projectDirPath = "";
			projectRoot = "";
			targets = (
				28B1AA2E264E4391007B5F49 /* AuthiOS */,
			);
		};
/* End PBXProject section */

/* Begin PBXResourcesBuildPhase section */
		28B1AA2D264E4391007B5F49 /* Resources */ = {
			isa = PBXResourcesBuildPhase;
			buildActionMask = 2147483647;
			files = (
				28B1AA3A264E4392007B5F49 /* Preview Assets.xcassets in Resources */,
				28B1AA37264E4392007B5F49 /* Assets.xcassets in Resources */,
			);
			runOnlyForDeploymentPostprocessing = 0;
		};
/* End PBXResourcesBuildPhase section */

/* Begin PBXSourcesBuildPhase section */
		28B1AA2B264E4391007B5F49 /* Sources */ = {
			isa = PBXSourcesBuildPhase;
			buildActionMask = 2147483647;
			files = (
				2883685E26506F8E0059AB38 /* LoaderViewModel.swift in Sources */,
				28B1AA35264E4391007B5F49 /* AuthenticationView.swift in Sources */,
				75F864272978370B00D11B00 /* AuthenticationDataPresenter.swift in Sources */,
				28836858265053830059AB38 /* NavigationView.swift in Sources */,
				283E6C4D264E9212003AFE48 /* LoaderView.swift in Sources */,
				289B68452658089B00503C30 /* ViewComposerFactory.swift in Sources */,
				28B1AA33264E4391007B5F49 /* AuthiOSApp.swift in Sources */,
				287EBE932651340B00632D33 /* iOSSwiftUIViewComposerFactory.swift in Sources */,
				283E6C94264F202A003AFE48 /* AuthenticationViewModel.swift in Sources */,
				283E6C53264E93A8003AFE48 /* AppNavigationStore.swift in Sources */,
				287EBE8F265133D500632D33 /* AuthAppNavigationAdapter.swift in Sources */,
				28836856265030140059AB38 /* AppConstants.swift in Sources */,
			);
			runOnlyForDeploymentPostprocessing = 0;
		};
/* End PBXSourcesBuildPhase section */

/* Begin XCBuildConfiguration section */
		28B1AA3C264E4392007B5F49 /* Debug */ = {
			isa = XCBuildConfiguration;
			buildSettings = {
				ALWAYS_SEARCH_USER_PATHS = NO;
				CLANG_ANALYZER_NONNULL = YES;
				CLANG_ANALYZER_NUMBER_OBJECT_CONVERSION = YES_AGGRESSIVE;
				CLANG_CXX_LANGUAGE_STANDARD = "gnu++14";
				CLANG_CXX_LIBRARY = "libc++";
				CLANG_ENABLE_MODULES = YES;
				CLANG_ENABLE_OBJC_ARC = YES;
				CLANG_ENABLE_OBJC_WEAK = YES;
				CLANG_WARN_BLOCK_CAPTURE_AUTORELEASING = YES;
				CLANG_WARN_BOOL_CONVERSION = YES;
				CLANG_WARN_COMMA = YES;
				CLANG_WARN_CONSTANT_CONVERSION = YES;
				CLANG_WARN_DEPRECATED_OBJC_IMPLEMENTATIONS = YES;
				CLANG_WARN_DIRECT_OBJC_ISA_USAGE = YES_ERROR;
				CLANG_WARN_DOCUMENTATION_COMMENTS = YES;
				CLANG_WARN_EMPTY_BODY = YES;
				CLANG_WARN_ENUM_CONVERSION = YES;
				CLANG_WARN_INFINITE_RECURSION = YES;
				CLANG_WARN_INT_CONVERSION = YES;
				CLANG_WARN_NON_LITERAL_NULL_CONVERSION = YES;
				CLANG_WARN_OBJC_IMPLICIT_RETAIN_SELF = YES;
				CLANG_WARN_OBJC_LITERAL_CONVERSION = YES;
				CLANG_WARN_OBJC_ROOT_CLASS = YES_ERROR;
				CLANG_WARN_QUOTED_INCLUDE_IN_FRAMEWORK_HEADER = YES;
				CLANG_WARN_RANGE_LOOP_ANALYSIS = YES;
				CLANG_WARN_STRICT_PROTOTYPES = YES;
				CLANG_WARN_SUSPICIOUS_MOVE = YES;
				CLANG_WARN_UNGUARDED_AVAILABILITY = YES_AGGRESSIVE;
				CLANG_WARN_UNREACHABLE_CODE = YES;
				CLANG_WARN__DUPLICATE_METHOD_MATCH = YES;
				COPY_PHASE_STRIP = NO;
				DEBUG_INFORMATION_FORMAT = dwarf;
				ENABLE_STRICT_OBJC_MSGSEND = YES;
				ENABLE_TESTABILITY = YES;
				GCC_C_LANGUAGE_STANDARD = gnu11;
				GCC_DYNAMIC_NO_PIC = NO;
				GCC_NO_COMMON_BLOCKS = YES;
				GCC_OPTIMIZATION_LEVEL = 0;
				GCC_PREPROCESSOR_DEFINITIONS = (
					"DEBUG=1",
					"$(inherited)",
				);
				GCC_WARN_64_TO_32_BIT_CONVERSION = YES;
				GCC_WARN_ABOUT_RETURN_TYPE = YES_ERROR;
				GCC_WARN_UNDECLARED_SELECTOR = YES;
				GCC_WARN_UNINITIALIZED_AUTOS = YES_AGGRESSIVE;
				GCC_WARN_UNUSED_FUNCTION = YES;
				GCC_WARN_UNUSED_VARIABLE = YES;
				IPHONEOS_DEPLOYMENT_TARGET = 14.0;
				MTL_ENABLE_DEBUG_INFO = INCLUDE_SOURCE;
				MTL_FAST_MATH = YES;
				ONLY_ACTIVE_ARCH = YES;
				SDKROOT = iphoneos;
				SWIFT_ACTIVE_COMPILATION_CONDITIONS = DEBUG;
				SWIFT_OPTIMIZATION_LEVEL = "-Onone";
			};
			name = Debug;
		};
		28B1AA3D264E4392007B5F49 /* Release */ = {
			isa = XCBuildConfiguration;
			buildSettings = {
				ALWAYS_SEARCH_USER_PATHS = NO;
				CLANG_ANALYZER_NONNULL = YES;
				CLANG_ANALYZER_NUMBER_OBJECT_CONVERSION = YES_AGGRESSIVE;
				CLANG_CXX_LANGUAGE_STANDARD = "gnu++14";
				CLANG_CXX_LIBRARY = "libc++";
				CLANG_ENABLE_MODULES = YES;
				CLANG_ENABLE_OBJC_ARC = YES;
				CLANG_ENABLE_OBJC_WEAK = YES;
				CLANG_WARN_BLOCK_CAPTURE_AUTORELEASING = YES;
				CLANG_WARN_BOOL_CONVERSION = YES;
				CLANG_WARN_COMMA = YES;
				CLANG_WARN_CONSTANT_CONVERSION = YES;
				CLANG_WARN_DEPRECATED_OBJC_IMPLEMENTATIONS = YES;
				CLANG_WARN_DIRECT_OBJC_ISA_USAGE = YES_ERROR;
				CLANG_WARN_DOCUMENTATION_COMMENTS = YES;
				CLANG_WARN_EMPTY_BODY = YES;
				CLANG_WARN_ENUM_CONVERSION = YES;
				CLANG_WARN_INFINITE_RECURSION = YES;
				CLANG_WARN_INT_CONVERSION = YES;
				CLANG_WARN_NON_LITERAL_NULL_CONVERSION = YES;
				CLANG_WARN_OBJC_IMPLICIT_RETAIN_SELF = YES;
				CLANG_WARN_OBJC_LITERAL_CONVERSION = YES;
				CLANG_WARN_OBJC_ROOT_CLASS = YES_ERROR;
				CLANG_WARN_QUOTED_INCLUDE_IN_FRAMEWORK_HEADER = YES;
				CLANG_WARN_RANGE_LOOP_ANALYSIS = YES;
				CLANG_WARN_STRICT_PROTOTYPES = YES;
				CLANG_WARN_SUSPICIOUS_MOVE = YES;
				CLANG_WARN_UNGUARDED_AVAILABILITY = YES_AGGRESSIVE;
				CLANG_WARN_UNREACHABLE_CODE = YES;
				CLANG_WARN__DUPLICATE_METHOD_MATCH = YES;
				COPY_PHASE_STRIP = NO;
				DEBUG_INFORMATION_FORMAT = "dwarf-with-dsym";
				ENABLE_NS_ASSERTIONS = NO;
				ENABLE_STRICT_OBJC_MSGSEND = YES;
				GCC_C_LANGUAGE_STANDARD = gnu11;
				GCC_NO_COMMON_BLOCKS = YES;
				GCC_WARN_64_TO_32_BIT_CONVERSION = YES;
				GCC_WARN_ABOUT_RETURN_TYPE = YES_ERROR;
				GCC_WARN_UNDECLARED_SELECTOR = YES;
				GCC_WARN_UNINITIALIZED_AUTOS = YES_AGGRESSIVE;
				GCC_WARN_UNUSED_FUNCTION = YES;
				GCC_WARN_UNUSED_VARIABLE = YES;
				IPHONEOS_DEPLOYMENT_TARGET = 14.0;
				MTL_ENABLE_DEBUG_INFO = NO;
				MTL_FAST_MATH = YES;
				SDKROOT = iphoneos;
				SWIFT_COMPILATION_MODE = wholemodule;
				SWIFT_OPTIMIZATION_LEVEL = "-O";
				VALIDATE_PRODUCT = YES;
			};
			name = Release;
		};
		28B1AA3F264E4392007B5F49 /* Debug */ = {
			isa = XCBuildConfiguration;
			buildSettings = {
				ASSETCATALOG_COMPILER_APPICON_NAME = AppIcon;
				ASSETCATALOG_COMPILER_GLOBAL_ACCENT_COLOR_NAME = AccentColor;
				CODE_SIGN_IDENTITY = "Apple Development";
				CODE_SIGN_STYLE = Automatic;
				DEVELOPMENT_ASSET_PATHS = "\"AuthiOS/Preview Content\"";
				DEVELOPMENT_TEAM = "";
				ENABLE_PREVIEWS = YES;
				INFOPLIST_FILE = AuthiOS/Main/Info.plist;
				IPHONEOS_DEPLOYMENT_TARGET = 14.0;
				LD_RUNPATH_SEARCH_PATHS = (
					"$(inherited)",
					"@executable_path/Frameworks",
				);
				PRODUCT_BUNDLE_IDENTIFIER = com.ashishplus.AuthiOS;
				PRODUCT_NAME = "$(TARGET_NAME)";
				PROVISIONING_PROFILE_SPECIFIER = "";
				SWIFT_VERSION = 5.0;
				TARGETED_DEVICE_FAMILY = "1,2";
			};
			name = Debug;
		};
		28B1AA40264E4392007B5F49 /* Release */ = {
			isa = XCBuildConfiguration;
			buildSettings = {
				ASSETCATALOG_COMPILER_APPICON_NAME = AppIcon;
				ASSETCATALOG_COMPILER_GLOBAL_ACCENT_COLOR_NAME = AccentColor;
				CODE_SIGN_IDENTITY = "Apple Development";
				CODE_SIGN_STYLE = Automatic;
				DEVELOPMENT_ASSET_PATHS = "\"AuthiOS/Preview Content\"";
				DEVELOPMENT_TEAM = "";
				ENABLE_PREVIEWS = YES;
				INFOPLIST_FILE = AuthiOS/Main/Info.plist;
				IPHONEOS_DEPLOYMENT_TARGET = 14.0;
				LD_RUNPATH_SEARCH_PATHS = (
					"$(inherited)",
					"@executable_path/Frameworks",
				);
				PRODUCT_BUNDLE_IDENTIFIER = com.ashishplus.AuthiOS;
				PRODUCT_NAME = "$(TARGET_NAME)";
				PROVISIONING_PROFILE_SPECIFIER = "";
				SWIFT_VERSION = 5.0;
				TARGETED_DEVICE_FAMILY = "1,2";
			};
			name = Release;
		};
/* End XCBuildConfiguration section */

/* Begin XCConfigurationList section */
		28B1AA2A264E4391007B5F49 /* Build configuration list for PBXProject "AuthiOS" */ = {
			isa = XCConfigurationList;
			buildConfigurations = (
				28B1AA3C264E4392007B5F49 /* Debug */,
				28B1AA3D264E4392007B5F49 /* Release */,
			);
			defaultConfigurationIsVisible = 0;
			defaultConfigurationName = Release;
		};
		28B1AA3E264E4392007B5F49 /* Build configuration list for PBXNativeTarget "AuthiOS" */ = {
			isa = XCConfigurationList;
			buildConfigurations = (
				28B1AA3F264E4392007B5F49 /* Debug */,
				28B1AA40264E4392007B5F49 /* Release */,
			);
			defaultConfigurationIsVisible = 0;
			defaultConfigurationName = Release;
		};
/* End XCConfigurationList section */
	};
	rootObject = 28B1AA27264E4391007B5F49 /* Project object */;
}
